
Microsoft Visual Studio Solution File, Format Version 12.00
# Visual Studio Version 17
VisualStudioVersion = 17.8.34511.84
MinimumVisualStudioVersion = 10.0.40219.1
Project("{FAE04EC0-301F-11D3-BF4B-00C04F79EFBC}") = "StudentManagementSystem", "StudentManagementSystem.csproj", "{F60AF505-3139-441A-BE28-2C908CF69055}"
EndProject
Global
	GlobalSection(SolutionConfigurationPlatforms) = preSolution
		Debug|Any CPU = Debug|Any CPU
		Release|Any CPU = Release|Any CPU
	EndGlobalSection
	GlobalSection(ProjectConfigurationPlatforms) = postSolution
		{F60AF505-3139-441A-BE28-2C908CF69055}.Debug|Any CPU.ActiveCfg = Debug|Any CPU
		{F60AF505-3139-441A-BE28-2C908CF69055}.Debug|Any CPU.Build.0 = Debug|Any CPU
		{F60AF505-3139-441A-BE28-2C908CF69055}.Release|Any CPU.ActiveCfg = Release|Any CPU
		{F60AF505-3139-441A-BE28-2C908CF69055}.Release|Any CPU.Build.0 = Release|Any CPU
	EndGlobalSection
	GlobalSection(SolutionProperties) = preSolution
		HideSolutionNode = FALSE
	EndGlobalSection
	GlobalSection(ExtensibilityGlobals) = postSolution
		SolutionGuid = {18B94AC4-1728-4010-AE32-EAEBA2DC10B4}
	EndGlobalSection
EndGlobal
